// !$*UTF8*$!
{
	archiveVersion = 1;
	classes = {
	};
	objectVersion = 50;
	objects = {

/* Begin PBXBuildFile section */
		D445FC272357DC65004D3695 /* AppDelegate.swift in Sources */ = {isa = PBXBuildFile; fileRef = D445FC262357DC65004D3695 /* AppDelegate.swift */; };
		D445FC2C2357DC65004D3695 /* Main.storyboard in Resources */ = {isa = PBXBuildFile; fileRef = D445FC2A2357DC65004D3695 /* Main.storyboard */; };
		D445FC2E2357DC6C004D3695 /* Assets.xcassets in Resources */ = {isa = PBXBuildFile; fileRef = D445FC2D2357DC6C004D3695 /* Assets.xcassets */; };
		D445FC312357DC6C004D3695 /* LaunchScreen.storyboard in Resources */ = {isa = PBXBuildFile; fileRef = D445FC2F2357DC6C004D3695 /* LaunchScreen.storyboard */; };
		D445FC3C2357DC6C004D3695 /* Music_PlayerTests.swift in Sources */ = {isa = PBXBuildFile; fileRef = D445FC3B2357DC6C004D3695 /* Music_PlayerTests.swift */; };
		D445FC472357DC6C004D3695 /* Music_PlayerUITests.swift in Sources */ = {isa = PBXBuildFile; fileRef = D445FC462357DC6C004D3695 /* Music_PlayerUITests.swift */; };
		D445FC552357DCED004D3695 /* Genre Button Screen.swift in Sources */ = {isa = PBXBuildFile; fileRef = D445FC542357DCED004D3695 /* Genre Button Screen.swift */; };
/* End PBXBuildFile section */

/* Begin PBXContainerItemProxy section */
		D445FC382357DC6C004D3695 /* PBXContainerItemProxy */ = {
			isa = PBXContainerItemProxy;
			containerPortal = D445FC1B2357DC65004D3695 /* Project object */;
			proxyType = 1;
			remoteGlobalIDString = D445FC222357DC65004D3695;
			remoteInfo = "Music Player";
		};
		D445FC432357DC6C004D3695 /* PBXContainerItemProxy */ = {
			isa = PBXContainerItemProxy;
			containerPortal = D445FC1B2357DC65004D3695 /* Project object */;
			proxyType = 1;
			remoteGlobalIDString = D445FC222357DC65004D3695;
			remoteInfo = "Music Player";
		};
/* End PBXContainerItemProxy section */

/* Begin PBXFileReference section */
		D445FC232357DC65004D3695 /* Music Player.app */ = {isa = PBXFileReference; explicitFileType = wrapper.application; includeInIndex = 0; path = "Music Player.app"; sourceTree = BUILT_PRODUCTS_DIR; };
		D445FC262357DC65004D3695 /* AppDelegate.swift */ = {isa = PBXFileReference; lastKnownFileType = sourcecode.swift; path = AppDelegate.swift; sourceTree = "<group>"; };
		D445FC2B2357DC65004D3695 /* Base */ = {isa = PBXFileReference; lastKnownFileType = file.storyboard; name = Base; path = Base.lproj/Main.storyboard; sourceTree = "<group>"; };
		D445FC2D2357DC6C004D3695 /* Assets.xcassets */ = {isa = PBXFileReference; lastKnownFileType = folder.assetcatalog; path = Assets.xcassets; sourceTree = "<group>"; };
		D445FC302357DC6C004D3695 /* Base */ = {isa = PBXFileReference; lastKnownFileType = file.storyboard; name = Base; path = Base.lproj/LaunchScreen.storyboard; sourceTree = "<group>"; };
		D445FC322357DC6C004D3695 /* Info.plist */ = {isa = PBXFileReference; lastKnownFileType = text.plist.xml; path = Info.plist; sourceTree = "<group>"; };
		D445FC372357DC6C004D3695 /* Music PlayerTests.xctest */ = {isa = PBXFileReference; explicitFileType = wrapper.cfbundle; includeInIndex = 0; path = "Music PlayerTests.xctest"; sourceTree = BUILT_PRODUCTS_DIR; };
		D445FC3B2357DC6C004D3695 /* Music_PlayerTests.swift */ = {isa = PBXFileReference; lastKnownFileType = sourcecode.swift; path = Music_PlayerTests.swift; sourceTree = "<group>"; };
		D445FC3D2357DC6C004D3695 /* Info.plist */ = {isa = PBXFileReference; lastKnownFileType = text.plist.xml; path = Info.plist; sourceTree = "<group>"; };
		D445FC422357DC6C004D3695 /* Music PlayerUITests.xctest */ = {isa = PBXFileReference; explicitFileType = wrapper.cfbundle; includeInIndex = 0; path = "Music PlayerUITests.xctest"; sourceTree = BUILT_PRODUCTS_DIR; };
		D445FC462357DC6C004D3695 /* Music_PlayerUITests.swift */ = {isa = PBXFileReference; lastKnownFileType = sourcecode.swift; path = Music_PlayerUITests.swift; sourceTree = "<group>"; };
		D445FC482357DC6C004D3695 /* Info.plist */ = {isa = PBXFileReference; lastKnownFileType = text.plist.xml; path = Info.plist; sourceTree = "<group>"; };
		D445FC542357DCED004D3695 /* Genre Button Screen.swift */ = {isa = PBXFileReference; lastKnownFileType = sourcecode.swift; path = "Genre Button Screen.swift"; sourceTree = "<group>"; };
/* End PBXFileReference section */

/* Begin PBXFrameworksBuildPhase section */
		D445FC202357DC65004D3695 /* Frameworks */ = {
			isa = PBXFrameworksBuildPhase;
			buildActionMask = 2147483647;
			files = (
			);
			runOnlyForDeploymentPostprocessing = 0;
		};
		D445FC342357DC6C004D3695 /* Frameworks */ = {
			isa = PBXFrameworksBuildPhase;
			buildActionMask = 2147483647;
			files = (
			);
			runOnlyForDeploymentPostprocessing = 0;
		};
		D445FC3F2357DC6C004D3695 /* Frameworks */ = {
			isa = PBXFrameworksBuildPhase;
			buildActionMask = 2147483647;
			files = (
			);
			runOnlyForDeploymentPostprocessing = 0;
		};
/* End PBXFrameworksBuildPhase section */

/* Begin PBXGroup section */
		D445FC1A2357DC65004D3695 = {
			isa = PBXGroup;
			children = (
				D445FC252357DC65004D3695 /* Music Player */,
				D445FC3A2357DC6C004D3695 /* Music PlayerTests */,
				D445FC452357DC6C004D3695 /* Music PlayerUITests */,
				D445FC242357DC65004D3695 /* Products */,
			);
			sourceTree = "<group>";
		};
		D445FC242357DC65004D3695 /* Products */ = {
			isa = PBXGroup;
			children = (
				D445FC232357DC65004D3695 /* Music Player.app */,
				D445FC372357DC6C004D3695 /* Music PlayerTests.xctest */,
				D445FC422357DC6C004D3695 /* Music PlayerUITests.xctest */,
			);
			name = Products;
			sourceTree = "<group>";
		};
		D445FC252357DC65004D3695 /* Music Player */ = {
			isa = PBXGroup;
			children = (
				D445FC2A2357DC65004D3695 /* Main.storyboard */,
				D445FC542357DCED004D3695 /* Genre Button Screen.swift */,
				D445FC262357DC65004D3695 /* AppDelegate.swift */,
				D445FC2D2357DC6C004D3695 /* Assets.xcassets */,
				D445FC2F2357DC6C004D3695 /* LaunchScreen.storyboard */,
				D445FC322357DC6C004D3695 /* Info.plist */,
			);
			path = "Music Player";
			sourceTree = "<group>";
		};
		D445FC3A2357DC6C004D3695 /* Music PlayerTests */ = {
			isa = PBXGroup;
			children = (
				D445FC3B2357DC6C004D3695 /* Music_PlayerTests.swift */,
				D445FC3D2357DC6C004D3695 /* Info.plist */,
			);
			path = "Music PlayerTests";
			sourceTree = "<group>";
		};
		D445FC452357DC6C004D3695 /* Music PlayerUITests */ = {
			isa = PBXGroup;
			children = (
				D445FC462357DC6C004D3695 /* Music_PlayerUITests.swift */,
				D445FC482357DC6C004D3695 /* Info.plist */,
			);
			path = "Music PlayerUITests";
			sourceTree = "<group>";
		};
/* End PBXGroup section */

/* Begin PBXNativeTarget section */
		D445FC222357DC65004D3695 /* Music Player */ = {
			isa = PBXNativeTarget;
			buildConfigurationList = D445FC4B2357DC6C004D3695 /* Build configuration list for PBXNativeTarget "Music Player" */;
			buildPhases = (
				D445FC1F2357DC65004D3695 /* Sources */,
				D445FC202357DC65004D3695 /* Frameworks */,
				D445FC212357DC65004D3695 /* Resources */,
			);
			buildRules = (
			);
			dependencies = (
			);
			name = "Music Player";
			productName = "Music Player";
			productReference = D445FC232357DC65004D3695 /* Music Player.app */;
			productType = "com.apple.product-type.application";
		};
		D445FC362357DC6C004D3695 /* Music PlayerTests */ = {
			isa = PBXNativeTarget;
			buildConfigurationList = D445FC4E2357DC6C004D3695 /* Build configuration list for PBXNativeTarget "Music PlayerTests" */;
			buildPhases = (
				D445FC332357DC6C004D3695 /* Sources */,
				D445FC342357DC6C004D3695 /* Frameworks */,
				D445FC352357DC6C004D3695 /* Resources */,
			);
			buildRules = (
			);
			dependencies = (
				D445FC392357DC6C004D3695 /* PBXTargetDependency */,
			);
			name = "Music PlayerTests";
			productName = "Music PlayerTests";
			productReference = D445FC372357DC6C004D3695 /* Music PlayerTests.xctest */;
			productType = "com.apple.product-type.bundle.unit-test";
		};
		D445FC412357DC6C004D3695 /* Music PlayerUITests */ = {
			isa = PBXNativeTarget;
			buildConfigurationList = D445FC512357DC6C004D3695 /* Build configuration list for PBXNativeTarget "Music PlayerUITests" */;
			buildPhases = (
				D445FC3E2357DC6C004D3695 /* Sources */,
				D445FC3F2357DC6C004D3695 /* Frameworks */,
				D445FC402357DC6C004D3695 /* Resources */,
			);
			buildRules = (
			);
			dependencies = (
				D445FC442357DC6C004D3695 /* PBXTargetDependency */,
			);
			name = "Music PlayerUITests";
			productName = "Music PlayerUITests";
			productReference = D445FC422357DC6C004D3695 /* Music PlayerUITests.xctest */;
			productType = "com.apple.product-type.bundle.ui-testing";
		};
/* End PBXNativeTarget section */

/* Begin PBXProject section */
		D445FC1B2357DC65004D3695 /* Project object */ = {
			isa = PBXProject;
			attributes = {
				LastSwiftUpdateCheck = 0940;
				LastUpgradeCheck = 0940;
				ORGANIZATIONNAME = "Library User";
				TargetAttributes = {
					D445FC222357DC65004D3695 = {
						CreatedOnToolsVersion = 9.4.1;
					};
					D445FC362357DC6C004D3695 = {
						CreatedOnToolsVersion = 9.4.1;
						TestTargetID = D445FC222357DC65004D3695;
					};
					D445FC412357DC6C004D3695 = {
						CreatedOnToolsVersion = 9.4.1;
						TestTargetID = D445FC222357DC65004D3695;
					};
				};
			};
			buildConfigurationList = D445FC1E2357DC65004D3695 /* Build configuration list for PBXProject "Music Player" */;
			compatibilityVersion = "Xcode 9.3";
			developmentRegion = en;
			hasScannedForEncodings = 0;
			knownRegions = (
				en,
				Base,
			);
			mainGroup = D445FC1A2357DC65004D3695;
			productRefGroup = D445FC242357DC65004D3695 /* Products */;
			projectDirPath = "";
			projectRoot = "";
			targets = (
				D445FC222357DC65004D3695 /* Music Player */,
				D445FC362357DC6C004D3695 /* Music PlayerTests */,
				D445FC412357DC6C004D3695 /* Music PlayerUITests */,
			);
		};
/* End PBXProject section */

/* Begin PBXResourcesBuildPhase section */
		D445FC212357DC65004D3695 /* Resources */ = {
			isa = PBXResourcesBuildPhase;
			buildActionMask = 2147483647;
			files = (
				D445FC312357DC6C004D3695 /* LaunchScreen.storyboard in Resources */,
				D445FC2E2357DC6C004D3695 /* Assets.xcassets in Resources */,
				D445FC2C2357DC65004D3695 /* Main.storyboard in Resources */,
			);
			runOnlyForDeploymentPostprocessing = 0;
		};
		D445FC352357DC6C004D3695 /* Resources */ = {
			isa = PBXResourcesBuildPhase;
			buildActionMask = 2147483647;
			files = (
			);
			runOnlyForDeploymentPostprocessing = 0;
		};
		D445FC402357DC6C004D3695 /* Resources */ = {
			isa = PBXResourcesBuildPhase;
			buildActionMask = 2147483647;
			files = (
			);
			runOnlyForDeploymentPostprocessing = 0;
		};
/* End PBXResourcesBuildPhase section */

/* Begin PBXSourcesBuildPhase section */
		D445FC1F2357DC65004D3695 /* Sources */ = {
			isa = PBXSourcesBuildPhase;
			buildActionMask = 2147483647;
			files = (
				D445FC272357DC65004D3695 /* AppDelegate.swift in Sources */,
				D445FC552357DCED004D3695 /* Genre Button Screen.swift in Sources */,
			);
			runOnlyForDeploymentPostprocessing = 0;
		};
		D445FC332357DC6C004D3695 /* Sources */ = {
			isa = PBXSourcesBuildPhase;
			buildActionMask = 2147483647;
			files = (
				D445FC3C2357DC6C004D3695 /* Music_PlayerTests.swift in Sources */,
			);
			runOnlyForDeploymentPostprocessing = 0;
		};
		D445FC3E2357DC6C004D3695 /* Sources */ = {
			isa = PBXSourcesBuildPhase;
			buildActionMask = 2147483647;
			files = (
				D445FC472357DC6C004D3695 /* Music_PlayerUITests.swift in Sources */,
			);
			runOnlyForDeploymentPostprocessing = 0;
		};
/* End PBXSourcesBuildPhase section */

/* Begin PBXTargetDependency section */
		D445FC392357DC6C004D3695 /* PBXTargetDependency */ = {
			isa = PBXTargetDependency;
			target = D445FC222357DC65004D3695 /* Music Player */;
			targetProxy = D445FC382357DC6C004D3695 /* PBXContainerItemProxy */;
		};
		D445FC442357DC6C004D3695 /* PBXTargetDependency */ = {
			isa = PBXTargetDependency;
			target = D445FC222357DC65004D3695 /* Music Player */;
			targetProxy = D445FC432357DC6C004D3695 /* PBXContainerItemProxy */;
		};
/* End PBXTargetDependency section */

/* Begin PBXVariantGroup section */
		D445FC2A2357DC65004D3695 /* Main.storyboard */ = {
			isa = PBXVariantGroup;
			children = (
				D445FC2B2357DC65004D3695 /* Base */,
			);
			name = Main.storyboard;
			sourceTree = "<group>";
		};
		D445FC2F2357DC6C004D3695 /* LaunchScreen.storyboard */ = {
			isa = PBXVariantGroup;
			children = (
				D445FC302357DC6C004D3695 /* Base */,
			);
			name = LaunchScreen.storyboard;
			sourceTree = "<group>";
		};
/* End PBXVariantGroup section */

/* Begin XCBuildConfiguration section */
		D445FC492357DC6C004D3695 /* Debug */ = {
			isa = XCBuildConfiguration;
			buildSettings = {
				ALWAYS_SEARCH_USER_PATHS = NO;
				CLANG_ANALYZER_NONNULL = YES;
				CLANG_ANALYZER_NUMBER_OBJECT_CONVERSION = YES_AGGRESSIVE;
				CLANG_CXX_LANGUAGE_STANDARD = "gnu++14";
				CLANG_CXX_LIBRARY = "libc++";
				CLANG_ENABLE_MODULES = YES;
				CLANG_ENABLE_OBJC_ARC = YES;
				CLANG_ENABLE_OBJC_WEAK = YES;
				CLANG_WARN_BLOCK_CAPTURE_AUTORELEASING = YES;
				CLANG_WARN_BOOL_CONVERSION = YES;
				CLANG_WARN_COMMA = YES;
				CLANG_WARN_CONSTANT_CONVERSION = YES;
				CLANG_WARN_DEPRECATED_OBJC_IMPLEMENTATIONS = YES;
				CLANG_WARN_DIRECT_OBJC_ISA_USAGE = YES_ERROR;
				CLANG_WARN_DOCUMENTATION_COMMENTS = YES;
				CLANG_WARN_EMPTY_BODY = YES;
				CLANG_WARN_ENUM_CONVERSION = YES;
				CLANG_WARN_INFINITE_RECURSION = YES;
				CLANG_WARN_INT_CONVERSION = YES;
				CLANG_WARN_NON_LITERAL_NULL_CONVERSION = YES;
				CLANG_WARN_OBJC_IMPLICIT_RETAIN_SELF = YES;
				CLANG_WARN_OBJC_LITERAL_CONVERSION = YES;
				CLANG_WARN_OBJC_ROOT_CLASS = YES_ERROR;
				CLANG_WARN_RANGE_LOOP_ANALYSIS = YES;
				CLANG_WARN_STRICT_PROTOTYPES = YES;
				CLANG_WARN_SUSPICIOUS_MOVE = YES;
				CLANG_WARN_UNGUARDED_AVAILABILITY = YES_AGGRESSIVE;
				CLANG_WARN_UNREACHABLE_CODE = YES;
				CLANG_WARN__DUPLICATE_METHOD_MATCH = YES;
				CODE_SIGN_IDENTITY = "iPhone Developer";
				COPY_PHASE_STRIP = NO;
				DEBUG_INFORMATION_FORMAT = dwarf;
				ENABLE_STRICT_OBJC_MSGSEND = YES;
				ENABLE_TESTABILITY = YES;
				GCC_C_LANGUAGE_STANDARD = gnu11;
				GCC_DYNAMIC_NO_PIC = NO;
				GCC_NO_COMMON_BLOCKS = YES;
				GCC_OPTIMIZATION_LEVEL = 0;
				GCC_PREPROCESSOR_DEFINITIONS = (
					"DEBUG=1",
					"$(inherited)",
				);
				GCC_WARN_64_TO_32_BIT_CONVERSION = YES;
				GCC_WARN_ABOUT_RETURN_TYPE = YES_ERROR;
				GCC_WARN_UNDECLARED_SELECTOR = YES;
				GCC_WARN_UNINITIALIZED_AUTOS = YES_AGGRESSIVE;
				GCC_WARN_UNUSED_FUNCTION = YES;
				GCC_WARN_UNUSED_VARIABLE = YES;
				IPHONEOS_DEPLOYMENT_TARGET = 11.4;
				MTL_ENABLE_DEBUG_INFO = YES;
				ONLY_ACTIVE_ARCH = YES;
				SDKROOT = iphoneos;
				SWIFT_ACTIVE_COMPILATION_CONDITIONS = DEBUG;
				SWIFT_OPTIMIZATION_LEVEL = "-Onone";
			};
			name = Debug;
		};
		D445FC4A2357DC6C004D3695 /* Release */ = {
			isa = XCBuildConfiguration;
			buildSettings = {
				ALWAYS_SEARCH_USER_PATHS = NO;
				CLANG_ANALYZER_NONNULL = YES;
				CLANG_ANALYZER_NUMBER_OBJECT_CONVERSION = YES_AGGRESSIVE;
				CLANG_CXX_LANGUAGE_STANDARD = "gnu++14";
				CLANG_CXX_LIBRARY = "libc++";
				CLANG_ENABLE_MODULES = YES;
				CLANG_ENABLE_OBJC_ARC = YES;
				CLANG_ENABLE_OBJC_WEAK = YES;
				CLANG_WARN_BLOCK_CAPTURE_AUTORELEASING = YES;
				CLANG_WARN_BOOL_CONVERSION = YES;
				CLANG_WARN_COMMA = YES;
				CLANG_WARN_CONSTANT_CONVERSION = YES;
				CLANG_WARN_DEPRECATED_OBJC_IMPLEMENTATIONS = YES;
				CLANG_WARN_DIRECT_OBJC_ISA_USAGE = YES_ERROR;
				CLANG_WARN_DOCUMENTATION_COMMENTS = YES;
				CLANG_WARN_EMPTY_BODY = YES;
				CLANG_WARN_ENUM_CONVERSION = YES;
				CLANG_WARN_INFINITE_RECURSION = YES;
				CLANG_WARN_INT_CONVERSION = YES;
				CLANG_WARN_NON_LITERAL_NULL_CONVERSION = YES;
				CLANG_WARN_OBJC_IMPLICIT_RETAIN_SELF = YES;
				CLANG_WARN_OBJC_LITERAL_CONVERSION = YES;
				CLANG_WARN_OBJC_ROOT_CLASS = YES_ERROR;
				CLANG_WARN_RANGE_LOOP_ANALYSIS = YES;
				CLANG_WARN_STRICT_PROTOTYPES = YES;
				CLANG_WARN_SUSPICIOUS_MOVE = YES;
				CLANG_WARN_UNGUARDED_AVAILABILITY = YES_AGGRESSIVE;
				CLANG_WARN_UNREACHABLE_CODE = YES;
				CLANG_WARN__DUPLICATE_METHOD_MATCH = YES;
				CODE_SIGN_IDENTITY = "iPhone Developer";
				COPY_PHASE_STRIP = NO;
				DEBUG_INFORMATION_FORMAT = "dwarf-with-dsym";
				ENABLE_NS_ASSERTIONS = NO;
				ENABLE_STRICT_OBJC_MSGSEND = YES;
				GCC_C_LANGUAGE_STANDARD = gnu11;
				GCC_NO_COMMON_BLOCKS = YES;
				GCC_WARN_64_TO_32_BIT_CONVERSION = YES;
				GCC_WARN_ABOUT_RETURN_TYPE = YES_ERROR;
				GCC_WARN_UNDECLARED_SELECTOR = YES;
				GCC_WARN_UNINITIALIZED_AUTOS = YES_AGGRESSIVE;
				GCC_WARN_UNUSED_FUNCTION = YES;
				GCC_WARN_UNUSED_VARIABLE = YES;
				IPHONEOS_DEPLOYMENT_TARGET = 11.4;
				MTL_ENABLE_DEBUG_INFO = NO;
				SDKROOT = iphoneos;
				SWIFT_COMPILATION_MODE = wholemodule;
				SWIFT_OPTIMIZATION_LEVEL = "-O";
				VALIDATE_PRODUCT = YES;
			};
			name = Release;
		};
		D445FC4C2357DC6C004D3695 /* Debug */ = {
			isa = XCBuildConfiguration;
			buildSettings = {
				ASSETCATALOG_COMPILER_APPICON_NAME = AppIcon;
				CODE_SIGN_STYLE = Automatic;
				INFOPLIST_FILE = "Music Player/Info.plist";
				LD_RUNPATH_SEARCH_PATHS = (
					"$(inherited)",
					"@executable_path/Frameworks",
				);
				PRODUCT_BUNDLE_IDENTIFIER = "io.github.abdullahridwan.Music-Player";
				PRODUCT_NAME = "$(TARGET_NAME)";
				SWIFT_VERSION = 4.0;
				TARGETED_DEVICE_FAMILY = "1,2";
			};
			name = Debug;
		};
		D445FC4D2357DC6C004D3695 /* Release */ = {
			isa = XCBuildConfiguration;
			buildSettings = {
				ASSETCATALOG_COMPILER_APPICON_NAME = AppIcon;
				CODE_SIGN_STYLE = Automatic;
				INFOPLIST_FILE = "Music Player/Info.plist";
				LD_RUNPATH_SEARCH_PATHS = (
					"$(inherited)",
					"@executable_path/Frameworks",
				);
				PRODUCT_BUNDLE_IDENTIFIER = "io.github.abdullahridwan.Music-Player";
				PRODUCT_NAME = "$(TARGET_NAME)";
				SWIFT_VERSION = 4.0;
				TARGETED_DEVICE_FAMILY = "1,2";
			};
			name = Release;
		};
		D445FC4F2357DC6C004D3695 /* Debug */ = {
			isa = XCBuildConfiguration;
			buildSettings = {
				ALWAYS_EMBED_SWIFT_STANDARD_LIBRARIES = YES;
				BUNDLE_LOADER = "$(TEST_HOST)";
				CODE_SIGN_STYLE = Automatic;
				INFOPLIST_FILE = "Music PlayerTests/Info.plist";
				LD_RUNPATH_SEARCH_PATHS = (
					"$(inherited)",
					"@executable_path/Frameworks",
					"@loader_path/Frameworks",
				);
				PRODUCT_BUNDLE_IDENTIFIER = "io.github.abdullahridwan.Music-PlayerTests";
				PRODUCT_NAME = "$(TARGET_NAME)";
				SWIFT_VERSION = 4.0;
				TARGETED_DEVICE_FAMILY = "1,2";
				TEST_HOST = "$(BUILT_PRODUCTS_DIR)/Music Player.app/Music Player";
			};
			name = Debug;
		};
		D445FC502357DC6C004D3695 /* Release */ = {
			isa = XCBuildConfiguration;
			buildSettings = {
				ALWAYS_EMBED_SWIFT_STANDARD_LIBRARIES = YES;
				BUNDLE_LOADER = "$(TEST_HOST)";
				CODE_SIGN_STYLE = Automatic;
				INFOPLIST_FILE = "Music PlayerTests/Info.plist";
				LD_RUNPATH_SEARCH_PATHS = (
					"$(inherited)",
					"@executable_path/Frameworks",
					"@loader_path/Frameworks",
				);
				PRODUCT_BUNDLE_IDENTIFIER = "io.github.abdullahridwan.Music-PlayerTests";
				PRODUCT_NAME = "$(TARGET_NAME)";
				SWIFT_VERSION = 4.0;
				TARGETED_DEVICE_FAMILY = "1,2";
				TEST_HOST = "$(BUILT_PRODUCTS_DIR)/Music Player.app/Music Player";
			};
			name = Release;
		};
		D445FC522357DC6C004D3695 /* Debug */ = {
			isa = XCBuildConfiguration;
			buildSettings = {
				ALWAYS_EMBED_SWIFT_STANDARD_LIBRARIES = YES;
				CODE_SIGN_STYLE = Automatic;
				INFOPLIST_FILE = "Music PlayerUITests/Info.plist";
				LD_RUNPATH_SEARCH_PATHS = (
					"$(inherited)",
					"@executable_path/Frameworks",
					"@loader_path/Frameworks",
				);
				PRODUCT_BUNDLE_IDENTIFIER = "io.github.abdullahridwan.Music-PlayerUITests";
				PRODUCT_NAME = "$(TARGET_NAME)";
				SWIFT_VERSION = 4.0;
				TARGETED_DEVICE_FAMILY = "1,2";
				TEST_TARGET_NAME = "Music Player";
			};
			name = Debug;
		};
		D445FC532357DC6C004D3695 /* Release */ = {
			isa = XCBuildConfiguration;
			buildSettings = {
				ALWAYS_EMBED_SWIFT_STANDARD_LIBRARIES = YES;
				CODE_SIGN_STYLE = Automatic;
				INFOPLIST_FILE = "Music PlayerUITests/Info.plist";
				LD_RUNPATH_SEARCH_PATHS = (
					"$(inherited)",
					"@executable_path/Frameworks",
					"@loader_path/Frameworks",
				);
				PRODUCT_BUNDLE_IDENTIFIER = "io.github.abdullahridwan.Music-PlayerUITests";
				PRODUCT_NAME = "$(TARGET_NAME)";
				SWIFT_VERSION = 4.0;
				TARGETED_DEVICE_FAMILY = "1,2";
				TEST_TARGET_NAME = "Music Player";
			};
			name = Release;
		};
/* End XCBuildConfiguration section */

/* Begin XCConfigurationList section */
		D445FC1E2357DC65004D3695 /* Build configuration list for PBXProject "Music Player" */ = {
			isa = XCConfigurationList;
			buildConfigurations = (
				D445FC492357DC6C004D3695 /* Debug */,
				D445FC4A2357DC6C004D3695 /* Release */,
			);
			defaultConfigurationIsVisible = 0;
			defaultConfigurationName = Release;
		};
		D445FC4B2357DC6C004D3695 /* Build configuration list for PBXNativeTarget "Music Player" */ = {
			isa = XCConfigurationList;
			buildConfigurations = (
				D445FC4C2357DC6C004D3695 /* Debug */,
				D445FC4D2357DC6C004D3695 /* Release */,
			);
			defaultConfigurationIsVisible = 0;
			defaultConfigurationName = Release;
		};
		D445FC4E2357DC6C004D3695 /* Build configuration list for PBXNativeTarget "Music PlayerTests" */ = {
			isa = XCConfigurationList;
			buildConfigurations = (
				D445FC4F2357DC6C004D3695 /* Debug */,
				D445FC502357DC6C004D3695 /* Release */,
			);
			defaultConfigurationIsVisible = 0;
			defaultConfigurationName = Release;
		};
		D445FC512357DC6C004D3695 /* Build configuration list for PBXNativeTarget "Music PlayerUITests" */ = {
			isa = XCConfigurationList;
			buildConfigurations = (
				D445FC522357DC6C004D3695 /* Debug */,
				D445FC532357DC6C004D3695 /* Release */,
			);
			defaultConfigurationIsVisible = 0;
			defaultConfigurationName = Release;
		};
/* End XCConfigurationList section */
	};
	rootObject = D445FC1B2357DC65004D3695 /* Project object */;
}
